PODS:
  - GSBaseKit (1.0.0)
  - RtSDK (1.0.0):
    - GSBaseKit

DEPENDENCIES:
  - RtSDK

SPEC REPOS:
  trunk:
    - GSBaseKit
    - RtSDK

SPEC CHECKSUMS:
  GSBaseKit: 3d244c2f66506c96466df506062b460d36956a1e
  RtSDK: b54854de717d79f206d8eba0a8ffedf18a0c57bd

PODFILE CHECKSUM: 776a20cc5872d35aec5486f4bc6d0603dd50eace

COCOAPODS: 1.9.1
